// !$*UTF8*$!
{
	archiveVersion = 1;
	classes = {
	};
	objectVersion = 56;
	objects = {

/* Begin PBXBuildFile section */
		242C7EB92A6E17B800EAC1B9 /* Generic2.pkpass in Resources */ = {isa = PBXBuildFile; fileRef = 242C7EB82A6E17B800EAC1B9 /* Generic2.pkpass */; };
		242C7EBB2A6E194B00EAC1B9 /* Generic3.pkpass in Resources */ = {isa = PBXBuildFile; fileRef = 242C7EBA2A6E194B00EAC1B9 /* Generic3.pkpass */; };
		2470182B2A6BE42F00405DAF /* NearbyPlacesView.swift in Sources */ = {isa = PBXBuildFile; fileRef = 2470182A2A6BE42F00405DAF /* NearbyPlacesView.swift */; };
		24AC80752A5FB06A002C277D /* MartiQRApp.swift in Sources */ = {isa = PBXBuildFile; fileRef = 24AC80742A5FB06A002C277D /* MartiQRApp.swift */; };
		24AC80772A5FB06A002C277D /* ContentView.swift in Sources */ = {isa = PBXBuildFile; fileRef = 24AC80762A5FB06A002C277D /* ContentView.swift */; };
		24AC80792A5FB06B002C277D /* Assets.xcassets in Resources */ = {isa = PBXBuildFile; fileRef = 24AC80782A5FB06B002C277D /* Assets.xcassets */; };
		24AC807C2A5FB06B002C277D /* Preview Assets.xcassets in Resources */ = {isa = PBXBuildFile; fileRef = 24AC807B2A5FB06B002C277D /* Preview Assets.xcassets */; };
		24AC808D2A60FA9C002C277D /* FirebaseAnalytics in Frameworks */ = {isa = PBXBuildFile; productRef = 24AC808C2A60FA9C002C277D /* FirebaseAnalytics */; };
		24AC808F2A60FA9C002C277D /* FirebaseAuth in Frameworks */ = {isa = PBXBuildFile; productRef = 24AC808E2A60FA9C002C277D /* FirebaseAuth */; };
		24AC80912A60FA9C002C277D /* FirebaseDatabase in Frameworks */ = {isa = PBXBuildFile; productRef = 24AC80902A60FA9C002C277D /* FirebaseDatabase */; };
		24AC80932A60FA9C002C277D /* FirebaseFirestore in Frameworks */ = {isa = PBXBuildFile; productRef = 24AC80922A60FA9C002C277D /* FirebaseFirestore */; };
		24AC80952A60FA9C002C277D /* FirebaseFunctions in Frameworks */ = {isa = PBXBuildFile; productRef = 24AC80942A60FA9C002C277D /* FirebaseFunctions */; };
		24AC80972A60FA9C002C277D /* FirebaseStorage in Frameworks */ = {isa = PBXBuildFile; productRef = 24AC80962A60FA9C002C277D /* FirebaseStorage */; };
		24AC80992A60FDB6002C277D /* userViewModel.swift in Sources */ = {isa = PBXBuildFile; fileRef = 24AC80982A60FDB6002C277D /* userViewModel.swift */; };
		24AC809B2A60FE4A002C277D /* userDataModel.swift in Sources */ = {isa = PBXBuildFile; fileRef = 24AC809A2A60FE4A002C277D /* userDataModel.swift */; };
		24AC809D2A61007F002C277D /* GoogleService-Info.plist in Resources */ = {isa = PBXBuildFile; fileRef = 24AC809C2A61007F002C277D /* GoogleService-Info.plist */; };
		24AC809F2A61A3D2002C277D /* PassViewController.swift in Sources */ = {isa = PBXBuildFile; fileRef = 24AC809E2A61A3D2002C277D /* PassViewController.swift */; };
		24AC80A12A61A43C002C277D /* MRTPassView.swift in Sources */ = {isa = PBXBuildFile; fileRef = 24AC80A02A61A43C002C277D /* MRTPassView.swift */; };
		24AC80A42A62A65C002C277D /* SignInAppleIdButton.swift in Sources */ = {isa = PBXBuildFile; fileRef = 24AC80A32A62A65C002C277D /* SignInAppleIdButton.swift */; };
		24AC80C92A68E31A002C277D /* Generic.pkpass in Resources */ = {isa = PBXBuildFile; fileRef = 24AC80C82A68E31A002C277D /* Generic.pkpass */; };
		24E7DDD42A6A1D3E00FC4842 /* HeaderView.swift in Sources */ = {isa = PBXBuildFile; fileRef = 24E7DDD32A6A1D3E00FC4842 /* HeaderView.swift */; };
		24E7DDD62A6A1EA600FC4842 /* ExploreView.swift in Sources */ = {isa = PBXBuildFile; fileRef = 24E7DDD52A6A1EA600FC4842 /* ExploreView.swift */; };
		24E7DDDB2A6A1F4700FC4842 /* AttractionDetailView.swift in Sources */ = {isa = PBXBuildFile; fileRef = 24E7DDDA2A6A1F4700FC4842 /* AttractionDetailView.swift */; };
		24E7DDDD2A6A1F7200FC4842 /* AttractionScrollView.swift in Sources */ = {isa = PBXBuildFile; fileRef = 24E7DDDC2A6A1F7200FC4842 /* AttractionScrollView.swift */; };
		24E7DDDF2A6A1F9B00FC4842 /* AttractionView.swift in Sources */ = {isa = PBXBuildFile; fileRef = 24E7DDDE2A6A1F9B00FC4842 /* AttractionView.swift */; };
		24E7DDE22A6A1FE900FC4842 /* ButtonMenuComponent.swift in Sources */ = {isa = PBXBuildFile; fileRef = 24E7DDE12A6A1FE900FC4842 /* ButtonMenuComponent.swift */; };
		24E7DDE42A6A200A00FC4842 /* MenuDetailedView.swift in Sources */ = {isa = PBXBuildFile; fileRef = 24E7DDE32A6A200A00FC4842 /* MenuDetailedView.swift */; };
		24E7DDE62A6A202400FC4842 /* MenuView.swift in Sources */ = {isa = PBXBuildFile; fileRef = 24E7DDE52A6A202400FC4842 /* MenuView.swift */; };
		24E7DDE92A6A206300FC4842 /* NewsDetailView.swift in Sources */ = {isa = PBXBuildFile; fileRef = 24E7DDE82A6A206300FC4842 /* NewsDetailView.swift */; };
		24E7DDEB2A6A208100FC4842 /* NewsScrollView.swift in Sources */ = {isa = PBXBuildFile; fileRef = 24E7DDEA2A6A208100FC4842 /* NewsScrollView.swift */; };
		24E7DDED2A6A209100FC4842 /* NewsView.swift in Sources */ = {isa = PBXBuildFile; fileRef = 24E7DDEC2A6A209100FC4842 /* NewsView.swift */; };
		24E7DDF02A6A20E400FC4842 /* PartnerDetailView.swift in Sources */ = {isa = PBXBuildFile; fileRef = 24E7DDEF2A6A20E400FC4842 /* PartnerDetailView.swift */; };
		24E7DDF22A6A20FC00FC4842 /* PartnerCardView.swift in Sources */ = {isa = PBXBuildFile; fileRef = 24E7DDF12A6A20FC00FC4842 /* PartnerCardView.swift */; };
		24E7DDF42A6A212100FC4842 /* PartnerView.swift in Sources */ = {isa = PBXBuildFile; fileRef = 24E7DDF32A6A212100FC4842 /* PartnerView.swift */; };
		24E7DDF62A6A214600FC4842 /* Constants.swift in Sources */ = {isa = PBXBuildFile; fileRef = 24E7DDF52A6A214600FC4842 /* Constants.swift */; };
		24E7DDF92A6A220A00FC4842 /* PromoScrollView.swift in Sources */ = {isa = PBXBuildFile; fileRef = 24E7DDF82A6A220A00FC4842 /* PromoScrollView.swift */; };
		24E7DDFB2A6A222000FC4842 /* PromoDetailView.swift in Sources */ = {isa = PBXBuildFile; fileRef = 24E7DDFA2A6A222000FC4842 /* PromoDetailView.swift */; };
		24E7DDFD2A6A223300FC4842 /* PromoView.swift in Sources */ = {isa = PBXBuildFile; fileRef = 24E7DDFC2A6A223300FC4842 /* PromoView.swift */; };
		24E7DE002A6A225A00FC4842 /* ScheduleView.swift in Sources */ = {isa = PBXBuildFile; fileRef = 24E7DDFF2A6A225A00FC4842 /* ScheduleView.swift */; };
		24E7DE022A6A227200FC4842 /* ScheduleCardView.swift in Sources */ = {isa = PBXBuildFile; fileRef = 24E7DE012A6A227200FC4842 /* ScheduleCardView.swift */; };
		24E7DE042A6A29BF00FC4842 /* BannerView.swift in Sources */ = {isa = PBXBuildFile; fileRef = 24E7DE032A6A29BF00FC4842 /* BannerView.swift */; };
		24E7DE062A6A2D2300FC4842 /* AddToWalletButton.swift in Sources */ = {isa = PBXBuildFile; fileRef = 24E7DE052A6A2D2300FC4842 /* AddToWalletButton.swift */; };
		24E7DE0A2A6A4D9500FC4842 /* LoginView.swift in Sources */ = {isa = PBXBuildFile; fileRef = 24E7DE092A6A4D9500FC4842 /* LoginView.swift */; };
/* End PBXBuildFile section */

/* Begin PBXFileReference section */
		242C7EB82A6E17B800EAC1B9 /* Generic2.pkpass */ = {isa = PBXFileReference; lastKnownFileType = file; path = Generic2.pkpass; sourceTree = "<group>"; };
		242C7EBA2A6E194B00EAC1B9 /* Generic3.pkpass */ = {isa = PBXFileReference; lastKnownFileType = file; path = Generic3.pkpass; sourceTree = "<group>"; };
		2470182A2A6BE42F00405DAF /* NearbyPlacesView.swift */ = {isa = PBXFileReference; lastKnownFileType = sourcecode.swift; path = NearbyPlacesView.swift; sourceTree = "<group>"; };
		24AC80712A5FB06A002C277D /* MartiQR.app */ = {isa = PBXFileReference; explicitFileType = wrapper.application; includeInIndex = 0; path = MartiQR.app; sourceTree = BUILT_PRODUCTS_DIR; };
		24AC80742A5FB06A002C277D /* MartiQRApp.swift */ = {isa = PBXFileReference; lastKnownFileType = sourcecode.swift; path = MartiQRApp.swift; sourceTree = "<group>"; };
		24AC80762A5FB06A002C277D /* ContentView.swift */ = {isa = PBXFileReference; lastKnownFileType = sourcecode.swift; path = ContentView.swift; sourceTree = "<group>"; };
		24AC80782A5FB06B002C277D /* Assets.xcassets */ = {isa = PBXFileReference; lastKnownFileType = folder.assetcatalog; path = Assets.xcassets; sourceTree = "<group>"; };
		24AC807B2A5FB06B002C277D /* Preview Assets.xcassets */ = {isa = PBXFileReference; lastKnownFileType = folder.assetcatalog; path = "Preview Assets.xcassets"; sourceTree = "<group>"; };
		24AC80982A60FDB6002C277D /* userViewModel.swift */ = {isa = PBXFileReference; lastKnownFileType = sourcecode.swift; path = userViewModel.swift; sourceTree = "<group>"; };
		24AC809A2A60FE4A002C277D /* userDataModel.swift */ = {isa = PBXFileReference; lastKnownFileType = sourcecode.swift; path = userDataModel.swift; sourceTree = "<group>"; };
		24AC809C2A61007F002C277D /* GoogleService-Info.plist */ = {isa = PBXFileReference; fileEncoding = 4; lastKnownFileType = text.plist.xml; path = "GoogleService-Info.plist"; sourceTree = "<group>"; };
		24AC809E2A61A3D2002C277D /* PassViewController.swift */ = {isa = PBXFileReference; lastKnownFileType = sourcecode.swift; path = PassViewController.swift; sourceTree = "<group>"; };
		24AC80A02A61A43C002C277D /* MRTPassView.swift */ = {isa = PBXFileReference; lastKnownFileType = sourcecode.swift; path = MRTPassView.swift; sourceTree = "<group>"; };
		24AC80A22A62A2BC002C277D /* MartiQR.entitlements */ = {isa = PBXFileReference; lastKnownFileType = text.plist.entitlements; path = MartiQR.entitlements; sourceTree = "<group>"; };
		24AC80A32A62A65C002C277D /* SignInAppleIdButton.swift */ = {isa = PBXFileReference; lastKnownFileType = sourcecode.swift; path = SignInAppleIdButton.swift; sourceTree = "<group>"; };
		24AC80C82A68E31A002C277D /* Generic.pkpass */ = {isa = PBXFileReference; lastKnownFileType = file; name = Generic.pkpass; path = ../../../Generic.pkpass; sourceTree = "<group>"; };
		24E7DDD32A6A1D3E00FC4842 /* HeaderView.swift */ = {isa = PBXFileReference; fileEncoding = 4; lastKnownFileType = sourcecode.swift; path = HeaderView.swift; sourceTree = "<group>"; };
		24E7DDD52A6A1EA600FC4842 /* ExploreView.swift */ = {isa = PBXFileReference; fileEncoding = 4; lastKnownFileType = sourcecode.swift; path = ExploreView.swift; sourceTree = "<group>"; };
		24E7DDDA2A6A1F4700FC4842 /* AttractionDetailView.swift */ = {isa = PBXFileReference; lastKnownFileType = sourcecode.swift; path = AttractionDetailView.swift; sourceTree = "<group>"; };
		24E7DDDC2A6A1F7200FC4842 /* AttractionScrollView.swift */ = {isa = PBXFileReference; lastKnownFileType = sourcecode.swift; path = AttractionScrollView.swift; sourceTree = "<group>"; };
		24E7DDDE2A6A1F9B00FC4842 /* AttractionView.swift */ = {isa = PBXFileReference; lastKnownFileType = sourcecode.swift; path = AttractionView.swift; sourceTree = "<group>"; };
		24E7DDE12A6A1FE900FC4842 /* ButtonMenuComponent.swift */ = {isa = PBXFileReference; lastKnownFileType = sourcecode.swift; path = ButtonMenuComponent.swift; sourceTree = "<group>"; };
		24E7DDE32A6A200A00FC4842 /* MenuDetailedView.swift */ = {isa = PBXFileReference; lastKnownFileType = sourcecode.swift; path = MenuDetailedView.swift; sourceTree = "<group>"; };
		24E7DDE52A6A202400FC4842 /* MenuView.swift */ = {isa = PBXFileReference; lastKnownFileType = sourcecode.swift; path = MenuView.swift; sourceTree = "<group>"; };
		24E7DDE82A6A206300FC4842 /* NewsDetailView.swift */ = {isa = PBXFileReference; lastKnownFileType = sourcecode.swift; path = NewsDetailView.swift; sourceTree = "<group>"; };
		24E7DDEA2A6A208100FC4842 /* NewsScrollView.swift */ = {isa = PBXFileReference; lastKnownFileType = sourcecode.swift; path = NewsScrollView.swift; sourceTree = "<group>"; };
		24E7DDEC2A6A209100FC4842 /* NewsView.swift */ = {isa = PBXFileReference; lastKnownFileType = sourcecode.swift; path = NewsView.swift; sourceTree = "<group>"; };
		24E7DDEF2A6A20E400FC4842 /* PartnerDetailView.swift */ = {isa = PBXFileReference; lastKnownFileType = sourcecode.swift; path = PartnerDetailView.swift; sourceTree = "<group>"; };
		24E7DDF12A6A20FC00FC4842 /* PartnerCardView.swift */ = {isa = PBXFileReference; lastKnownFileType = sourcecode.swift; path = PartnerCardView.swift; sourceTree = "<group>"; };
		24E7DDF32A6A212100FC4842 /* PartnerView.swift */ = {isa = PBXFileReference; lastKnownFileType = sourcecode.swift; path = PartnerView.swift; sourceTree = "<group>"; };
		24E7DDF52A6A214600FC4842 /* Constants.swift */ = {isa = PBXFileReference; lastKnownFileType = sourcecode.swift; path = Constants.swift; sourceTree = "<group>"; };
		24E7DDF82A6A220A00FC4842 /* PromoScrollView.swift */ = {isa = PBXFileReference; lastKnownFileType = sourcecode.swift; path = PromoScrollView.swift; sourceTree = "<group>"; };
		24E7DDFA2A6A222000FC4842 /* PromoDetailView.swift */ = {isa = PBXFileReference; lastKnownFileType = sourcecode.swift; path = PromoDetailView.swift; sourceTree = "<group>"; };
		24E7DDFC2A6A223300FC4842 /* PromoView.swift */ = {isa = PBXFileReference; lastKnownFileType = sourcecode.swift; path = PromoView.swift; sourceTree = "<group>"; };
		24E7DDFF2A6A225A00FC4842 /* ScheduleView.swift */ = {isa = PBXFileReference; lastKnownFileType = sourcecode.swift; path = ScheduleView.swift; sourceTree = "<group>"; };
		24E7DE012A6A227200FC4842 /* ScheduleCardView.swift */ = {isa = PBXFileReference; lastKnownFileType = sourcecode.swift; path = ScheduleCardView.swift; sourceTree = "<group>"; };
		24E7DE032A6A29BF00FC4842 /* BannerView.swift */ = {isa = PBXFileReference; lastKnownFileType = sourcecode.swift; path = BannerView.swift; sourceTree = "<group>"; };
		24E7DE052A6A2D2300FC4842 /* AddToWalletButton.swift */ = {isa = PBXFileReference; lastKnownFileType = sourcecode.swift; path = AddToWalletButton.swift; sourceTree = "<group>"; };
		24E7DE092A6A4D9500FC4842 /* LoginView.swift */ = {isa = PBXFileReference; lastKnownFileType = sourcecode.swift; path = LoginView.swift; sourceTree = "<group>"; };
/* End PBXFileReference section */

/* Begin PBXFrameworksBuildPhase section */
		24AC806E2A5FB06A002C277D /* Frameworks */ = {
			isa = PBXFrameworksBuildPhase;
			buildActionMask = 2147483647;
			files = (
				24AC80912A60FA9C002C277D /* FirebaseDatabase in Frameworks */,
				24AC80932A60FA9C002C277D /* FirebaseFirestore in Frameworks */,
				24AC80952A60FA9C002C277D /* FirebaseFunctions in Frameworks */,
				24AC808D2A60FA9C002C277D /* FirebaseAnalytics in Frameworks */,
				24AC808F2A60FA9C002C277D /* FirebaseAuth in Frameworks */,
				24AC80972A60FA9C002C277D /* FirebaseStorage in Frameworks */,
			);
			runOnlyForDeploymentPostprocessing = 0;
		};
/* End PBXFrameworksBuildPhase section */

/* Begin PBXGroup section */
		24AC80682A5FB06A002C277D = {
			isa = PBXGroup;
			children = (
				24AC80732A5FB06A002C277D /* MartiQR */,
				24AC80722A5FB06A002C277D /* Products */,
			);
			sourceTree = "<group>";
		};
		24AC80722A5FB06A002C277D /* Products */ = {
			isa = PBXGroup;
			children = (
				24AC80712A5FB06A002C277D /* MartiQR.app */,
			);
			name = Products;
			sourceTree = "<group>";
		};
		24AC80732A5FB06A002C277D /* MartiQR */ = {
			isa = PBXGroup;
			children = (
				24E7DDFE2A6A224600FC4842 /* ScheduleComponent */,
				24E7DDF72A6A21E700FC4842 /* PromoComponent */,
				24E7DDEE2A6A20B200FC4842 /* PartnerComponent */,
				24E7DDE72A6A203B00FC4842 /* NewsComponent */,
				24E7DDE02A6A1FBA00FC4842 /* MenuComponent */,
				24E7DDD92A6A1F1B00FC4842 /* AttractionComponent */,
				24E7DDD52A6A1EA600FC4842 /* ExploreView.swift */,
				24E7DE032A6A29BF00FC4842 /* BannerView.swift */,
				24E7DDD32A6A1D3E00FC4842 /* HeaderView.swift */,
				24AC80C82A68E31A002C277D /* Generic.pkpass */,
				242C7EB82A6E17B800EAC1B9 /* Generic2.pkpass */,
				242C7EBA2A6E194B00EAC1B9 /* Generic3.pkpass */,
				24AC80A22A62A2BC002C277D /* MartiQR.entitlements */,
				24AC809C2A61007F002C277D /* GoogleService-Info.plist */,
				24AC80742A5FB06A002C277D /* MartiQRApp.swift */,
				24AC80762A5FB06A002C277D /* ContentView.swift */,
				24AC80782A5FB06B002C277D /* Assets.xcassets */,
				24AC807A2A5FB06B002C277D /* Preview Content */,
				24AC80982A60FDB6002C277D /* userViewModel.swift */,
				24AC809A2A60FE4A002C277D /* userDataModel.swift */,
				24AC809E2A61A3D2002C277D /* PassViewController.swift */,
				24AC80A02A61A43C002C277D /* MRTPassView.swift */,
				24AC80A32A62A65C002C277D /* SignInAppleIdButton.swift */,
				24E7DE052A6A2D2300FC4842 /* AddToWalletButton.swift */,
				24E7DE092A6A4D9500FC4842 /* LoginView.swift */,
			);
			path = MartiQR;
			sourceTree = "<group>";
		};
		24AC807A2A5FB06B002C277D /* Preview Content */ = {
			isa = PBXGroup;
			children = (
				24AC807B2A5FB06B002C277D /* Preview Assets.xcassets */,
			);
			path = "Preview Content";
			sourceTree = "<group>";
		};
		24E7DDD92A6A1F1B00FC4842 /* AttractionComponent */ = {
			isa = PBXGroup;
			children = (
				2470182A2A6BE42F00405DAF /* NearbyPlacesView.swift */,
				24E7DDDA2A6A1F4700FC4842 /* AttractionDetailView.swift */,
				24E7DDDC2A6A1F7200FC4842 /* AttractionScrollView.swift */,
				24E7DDDE2A6A1F9B00FC4842 /* AttractionView.swift */,
			);
			path = AttractionComponent;
			sourceTree = "<group>";
		};
		24E7DDE02A6A1FBA00FC4842 /* MenuComponent */ = {
			isa = PBXGroup;
			children = (
				24E7DDE12A6A1FE900FC4842 /* ButtonMenuComponent.swift */,
				24E7DDE32A6A200A00FC4842 /* MenuDetailedView.swift */,
				24E7DDE52A6A202400FC4842 /* MenuView.swift */,
			);
			path = MenuComponent;
			sourceTree = "<group>";
		};
		24E7DDE72A6A203B00FC4842 /* NewsComponent */ = {
			isa = PBXGroup;
			children = (
				24E7DDE82A6A206300FC4842 /* NewsDetailView.swift */,
				24E7DDEA2A6A208100FC4842 /* NewsScrollView.swift */,
				24E7DDEC2A6A209100FC4842 /* NewsView.swift */,
			);
			path = NewsComponent;
			sourceTree = "<group>";
		};
		24E7DDEE2A6A20B200FC4842 /* PartnerComponent */ = {
			isa = PBXGroup;
			children = (
				24E7DDEF2A6A20E400FC4842 /* PartnerDetailView.swift */,
				24E7DDF12A6A20FC00FC4842 /* PartnerCardView.swift */,
				24E7DDF32A6A212100FC4842 /* PartnerView.swift */,
				24E7DDF52A6A214600FC4842 /* Constants.swift */,
			);
			path = PartnerComponent;
			sourceTree = "<group>";
		};
		24E7DDF72A6A21E700FC4842 /* PromoComponent */ = {
			isa = PBXGroup;
			children = (
				24E7DDF82A6A220A00FC4842 /* PromoScrollView.swift */,
				24E7DDFA2A6A222000FC4842 /* PromoDetailView.swift */,
				24E7DDFC2A6A223300FC4842 /* PromoView.swift */,
			);
			path = PromoComponent;
			sourceTree = "<group>";
		};
		24E7DDFE2A6A224600FC4842 /* ScheduleComponent */ = {
			isa = PBXGroup;
			children = (
				24E7DDFF2A6A225A00FC4842 /* ScheduleView.swift */,
				24E7DE012A6A227200FC4842 /* ScheduleCardView.swift */,
			);
			path = ScheduleComponent;
			sourceTree = "<group>";
		};
/* End PBXGroup section */

/* Begin PBXNativeTarget section */
		24AC80702A5FB06A002C277D /* MartiQR */ = {
			isa = PBXNativeTarget;
			buildConfigurationList = 24AC807F2A5FB06B002C277D /* Build configuration list for PBXNativeTarget "MartiQR" */;
			buildPhases = (
				24AC806D2A5FB06A002C277D /* Sources */,
				24AC806E2A5FB06A002C277D /* Frameworks */,
				24AC806F2A5FB06A002C277D /* Resources */,
			);
			buildRules = (
			);
			dependencies = (
			);
			name = MartiQR;
			packageProductDependencies = (
				24AC808C2A60FA9C002C277D /* FirebaseAnalytics */,
				24AC808E2A60FA9C002C277D /* FirebaseAuth */,
				24AC80902A60FA9C002C277D /* FirebaseDatabase */,
				24AC80922A60FA9C002C277D /* FirebaseFirestore */,
				24AC80942A60FA9C002C277D /* FirebaseFunctions */,
				24AC80962A60FA9C002C277D /* FirebaseStorage */,
			);
			productName = MartiQR;
			productReference = 24AC80712A5FB06A002C277D /* MartiQR.app */;
			productType = "com.apple.product-type.application";
		};
/* End PBXNativeTarget section */

/* Begin PBXProject section */
		24AC80692A5FB06A002C277D /* Project object */ = {
			isa = PBXProject;
			attributes = {
				BuildIndependentTargetsInParallel = 1;
				LastSwiftUpdateCheck = 1430;
				LastUpgradeCheck = 1430;
				TargetAttributes = {
					24AC80702A5FB06A002C277D = {
						CreatedOnToolsVersion = 14.3;
					};
				};
			};
			buildConfigurationList = 24AC806C2A5FB06A002C277D /* Build configuration list for PBXProject "MartiQR" */;
			compatibilityVersion = "Xcode 14.0";
			developmentRegion = en;
			hasScannedForEncodings = 0;
			knownRegions = (
				en,
				Base,
			);
			mainGroup = 24AC80682A5FB06A002C277D;
			packageReferences = (
				24AC808B2A60FA9C002C277D /* XCRemoteSwiftPackageReference "firebase-ios-sdk" */,
			);
			productRefGroup = 24AC80722A5FB06A002C277D /* Products */;
			projectDirPath = "";
			projectRoot = "";
			targets = (
				24AC80702A5FB06A002C277D /* MartiQR */,
			);
		};
/* End PBXProject section */

/* Begin PBXResourcesBuildPhase section */
		24AC806F2A5FB06A002C277D /* Resources */ = {
			isa = PBXResourcesBuildPhase;
			buildActionMask = 2147483647;
			files = (
				24AC809D2A61007F002C277D /* GoogleService-Info.plist in Resources */,
				242C7EBB2A6E194B00EAC1B9 /* Generic3.pkpass in Resources */,
				242C7EB92A6E17B800EAC1B9 /* Generic2.pkpass in Resources */,
				24AC807C2A5FB06B002C277D /* Preview Assets.xcassets in Resources */,
				24AC80C92A68E31A002C277D /* Generic.pkpass in Resources */,
				24AC80792A5FB06B002C277D /* Assets.xcassets in Resources */,
			);
			runOnlyForDeploymentPostprocessing = 0;
		};
/* End PBXResourcesBuildPhase section */

/* Begin PBXSourcesBuildPhase section */
		24AC806D2A5FB06A002C277D /* Sources */ = {
			isa = PBXSourcesBuildPhase;
			buildActionMask = 2147483647;
			files = (
				24E7DE042A6A29BF00FC4842 /* BannerView.swift in Sources */,
				24AC809B2A60FE4A002C277D /* userDataModel.swift in Sources */,
				24E7DDF62A6A214600FC4842 /* Constants.swift in Sources */,
				24E7DE062A6A2D2300FC4842 /* AddToWalletButton.swift in Sources */,
				24E7DDF92A6A220A00FC4842 /* PromoScrollView.swift in Sources */,
				24E7DDFB2A6A222000FC4842 /* PromoDetailView.swift in Sources */,
				24E7DDF22A6A20FC00FC4842 /* PartnerCardView.swift in Sources */,
				24E7DDD62A6A1EA600FC4842 /* ExploreView.swift in Sources */,
				24AC80A42A62A65C002C277D /* SignInAppleIdButton.swift in Sources */,
				24E7DDED2A6A209100FC4842 /* NewsView.swift in Sources */,
				24E7DDF42A6A212100FC4842 /* PartnerView.swift in Sources */,
				2470182B2A6BE42F00405DAF /* NearbyPlacesView.swift in Sources */,
				24AC80A12A61A43C002C277D /* MRTPassView.swift in Sources */,
				24E7DDDB2A6A1F4700FC4842 /* AttractionDetailView.swift in Sources */,
				24E7DE002A6A225A00FC4842 /* ScheduleView.swift in Sources */,
				24E7DDEB2A6A208100FC4842 /* NewsScrollView.swift in Sources */,
				24E7DDE42A6A200A00FC4842 /* MenuDetailedView.swift in Sources */,
				24AC80992A60FDB6002C277D /* userViewModel.swift in Sources */,
				24E7DDE22A6A1FE900FC4842 /* ButtonMenuComponent.swift in Sources */,
				24E7DE0A2A6A4D9500FC4842 /* LoginView.swift in Sources */,
				24E7DDDD2A6A1F7200FC4842 /* AttractionScrollView.swift in Sources */,
				24E7DDFD2A6A223300FC4842 /* PromoView.swift in Sources */,
				24AC80772A5FB06A002C277D /* ContentView.swift in Sources */,
				24E7DE022A6A227200FC4842 /* ScheduleCardView.swift in Sources */,
				24E7DDF02A6A20E400FC4842 /* PartnerDetailView.swift in Sources */,
				24E7DDE92A6A206300FC4842 /* NewsDetailView.swift in Sources */,
				24E7DDE62A6A202400FC4842 /* MenuView.swift in Sources */,
				24AC809F2A61A3D2002C277D /* PassViewController.swift in Sources */,
				24AC80752A5FB06A002C277D /* MartiQRApp.swift in Sources */,
				24E7DDD42A6A1D3E00FC4842 /* HeaderView.swift in Sources */,
				24E7DDDF2A6A1F9B00FC4842 /* AttractionView.swift in Sources */,
			);
			runOnlyForDeploymentPostprocessing = 0;
		};
/* End PBXSourcesBuildPhase section */

/* Begin XCBuildConfiguration section */
		24AC807D2A5FB06B002C277D /* Debug */ = {
			isa = XCBuildConfiguration;
			buildSettings = {
				ALWAYS_SEARCH_USER_PATHS = NO;
				CLANG_ANALYZER_NONNULL = YES;
				CLANG_ANALYZER_NUMBER_OBJECT_CONVERSION = YES_AGGRESSIVE;
				CLANG_CXX_LANGUAGE_STANDARD = "gnu++20";
				CLANG_ENABLE_MODULES = YES;
				CLANG_ENABLE_OBJC_ARC = YES;
				CLANG_ENABLE_OBJC_WEAK = YES;
				CLANG_WARN_BLOCK_CAPTURE_AUTORELEASING = YES;
				CLANG_WARN_BOOL_CONVERSION = YES;
				CLANG_WARN_COMMA = YES;
				CLANG_WARN_CONSTANT_CONVERSION = YES;
				CLANG_WARN_DEPRECATED_OBJC_IMPLEMENTATIONS = YES;
				CLANG_WARN_DIRECT_OBJC_ISA_USAGE = YES_ERROR;
				CLANG_WARN_DOCUMENTATION_COMMENTS = YES;
				CLANG_WARN_EMPTY_BODY = YES;
				CLANG_WARN_ENUM_CONVERSION = YES;
				CLANG_WARN_INFINITE_RECURSION = YES;
				CLANG_WARN_INT_CONVERSION = YES;
				CLANG_WARN_NON_LITERAL_NULL_CONVERSION = YES;
				CLANG_WARN_OBJC_IMPLICIT_RETAIN_SELF = YES;
				CLANG_WARN_OBJC_LITERAL_CONVERSION = YES;
				CLANG_WARN_OBJC_ROOT_CLASS = YES_ERROR;
				CLANG_WARN_QUOTED_INCLUDE_IN_FRAMEWORK_HEADER = YES;
				CLANG_WARN_RANGE_LOOP_ANALYSIS = YES;
				CLANG_WARN_STRICT_PROTOTYPES = YES;
				CLANG_WARN_SUSPICIOUS_MOVE = YES;
				CLANG_WARN_UNGUARDED_AVAILABILITY = YES_AGGRESSIVE;
				CLANG_WARN_UNREACHABLE_CODE = YES;
				CLANG_WARN__DUPLICATE_METHOD_MATCH = YES;
				COPY_PHASE_STRIP = NO;
				DEBUG_INFORMATION_FORMAT = dwarf;
				ENABLE_STRICT_OBJC_MSGSEND = YES;
				ENABLE_TESTABILITY = YES;
				GCC_C_LANGUAGE_STANDARD = gnu11;
				GCC_DYNAMIC_NO_PIC = NO;
				GCC_NO_COMMON_BLOCKS = YES;
				GCC_OPTIMIZATION_LEVEL = 0;
				GCC_PREPROCESSOR_DEFINITIONS = (
					"DEBUG=1",
					"$(inherited)",
				);
				GCC_WARN_64_TO_32_BIT_CONVERSION = YES;
				GCC_WARN_ABOUT_RETURN_TYPE = YES_ERROR;
				GCC_WARN_UNDECLARED_SELECTOR = YES;
				GCC_WARN_UNINITIALIZED_AUTOS = YES_AGGRESSIVE;
				GCC_WARN_UNUSED_FUNCTION = YES;
				GCC_WARN_UNUSED_VARIABLE = YES;
				IPHONEOS_DEPLOYMENT_TARGET = 16.4;
				MTL_ENABLE_DEBUG_INFO = INCLUDE_SOURCE;
				MTL_FAST_MATH = YES;
				ONLY_ACTIVE_ARCH = YES;
				SDKROOT = iphoneos;
				SWIFT_ACTIVE_COMPILATION_CONDITIONS = DEBUG;
				SWIFT_OPTIMIZATION_LEVEL = "-Onone";
			};
			name = Debug;
		};
		24AC807E2A5FB06B002C277D /* Release */ = {
			isa = XCBuildConfiguration;
			buildSettings = {
				ALWAYS_SEARCH_USER_PATHS = NO;
				CLANG_ANALYZER_NONNULL = YES;
				CLANG_ANALYZER_NUMBER_OBJECT_CONVERSION = YES_AGGRESSIVE;
				CLANG_CXX_LANGUAGE_STANDARD = "gnu++20";
				CLANG_ENABLE_MODULES = YES;
				CLANG_ENABLE_OBJC_ARC = YES;
				CLANG_ENABLE_OBJC_WEAK = YES;
				CLANG_WARN_BLOCK_CAPTURE_AUTORELEASING = YES;
				CLANG_WARN_BOOL_CONVERSION = YES;
				CLANG_WARN_COMMA = YES;
				CLANG_WARN_CONSTANT_CONVERSION = YES;
				CLANG_WARN_DEPRECATED_OBJC_IMPLEMENTATIONS = YES;
				CLANG_WARN_DIRECT_OBJC_ISA_USAGE = YES_ERROR;
				CLANG_WARN_DOCUMENTATION_COMMENTS = YES;
				CLANG_WARN_EMPTY_BODY = YES;
				CLANG_WARN_ENUM_CONVERSION = YES;
				CLANG_WARN_INFINITE_RECURSION = YES;
				CLANG_WARN_INT_CONVERSION = YES;
				CLANG_WARN_NON_LITERAL_NULL_CONVERSION = YES;
				CLANG_WARN_OBJC_IMPLICIT_RETAIN_SELF = YES;
				CLANG_WARN_OBJC_LITERAL_CONVERSION = YES;
				CLANG_WARN_OBJC_ROOT_CLASS = YES_ERROR;
				CLANG_WARN_QUOTED_INCLUDE_IN_FRAMEWORK_HEADER = YES;
				CLANG_WARN_RANGE_LOOP_ANALYSIS = YES;
				CLANG_WARN_STRICT_PROTOTYPES = YES;
				CLANG_WARN_SUSPICIOUS_MOVE = YES;
				CLANG_WARN_UNGUARDED_AVAILABILITY = YES_AGGRESSIVE;
				CLANG_WARN_UNREACHABLE_CODE = YES;
				CLANG_WARN__DUPLICATE_METHOD_MATCH = YES;
				COPY_PHASE_STRIP = NO;
				DEBUG_INFORMATION_FORMAT = "dwarf-with-dsym";
				ENABLE_NS_ASSERTIONS = NO;
				ENABLE_STRICT_OBJC_MSGSEND = YES;
				GCC_C_LANGUAGE_STANDARD = gnu11;
				GCC_NO_COMMON_BLOCKS = YES;
				GCC_WARN_64_TO_32_BIT_CONVERSION = YES;
				GCC_WARN_ABOUT_RETURN_TYPE = YES_ERROR;
				GCC_WARN_UNDECLARED_SELECTOR = YES;
				GCC_WARN_UNINITIALIZED_AUTOS = YES_AGGRESSIVE;
				GCC_WARN_UNUSED_FUNCTION = YES;
				GCC_WARN_UNUSED_VARIABLE = YES;
				IPHONEOS_DEPLOYMENT_TARGET = 16.4;
				MTL_ENABLE_DEBUG_INFO = NO;
				MTL_FAST_MATH = YES;
				SDKROOT = iphoneos;
				SWIFT_COMPILATION_MODE = wholemodule;
				SWIFT_OPTIMIZATION_LEVEL = "-O";
				VALIDATE_PRODUCT = YES;
			};
			name = Release;
		};
		24AC80802A5FB06B002C277D /* Debug */ = {
			isa = XCBuildConfiguration;
			buildSettings = {
				ASSETCATALOG_COMPILER_APPICON_NAME = AppIcon;
				ASSETCATALOG_COMPILER_GLOBAL_ACCENT_COLOR_NAME = AccentColor;
				CODE_SIGN_ENTITLEMENTS = MartiQR/MartiQR.entitlements;
				CODE_SIGN_STYLE = Automatic;
				CURRENT_PROJECT_VERSION = 1;
				DEVELOPMENT_ASSET_PATHS = "\"MartiQR/Preview Content\"";
				DEVELOPMENT_TEAM = LM2SWXFAWT;
				ENABLE_PREVIEWS = YES;
				GENERATE_INFOPLIST_FILE = YES;
				INFOPLIST_KEY_UIApplicationSceneManifest_Generation = YES;
				INFOPLIST_KEY_UIApplicationSupportsIndirectInputEvents = YES;
				INFOPLIST_KEY_UILaunchScreen_Generation = YES;
				INFOPLIST_KEY_UISupportedInterfaceOrientations_iPad = "UIInterfaceOrientationPortrait UIInterfaceOrientationPortraitUpsideDown UIInterfaceOrientationLandscapeLeft UIInterfaceOrientationLandscapeRight";
				INFOPLIST_KEY_UISupportedInterfaceOrientations_iPhone = "UIInterfaceOrientationPortrait UIInterfaceOrientationLandscapeLeft UIInterfaceOrientationLandscapeRight";
				LD_RUNPATH_SEARCH_PATHS = (
					"$(inherited)",
					"@executable_path/Frameworks",
				);
				MARKETING_VERSION = 1.0;
				PRODUCT_BUNDLE_IDENTIFIER = MMM.MartiQR;
				PRODUCT_NAME = "$(TARGET_NAME)";
				SWIFT_EMIT_LOC_STRINGS = YES;
				SWIFT_VERSION = 5.0;
				TARGETED_DEVICE_FAMILY = "1,2";
			};
			name = Debug;
		};
		24AC80812A5FB06B002C277D /* Release */ = {
			isa = XCBuildConfiguration;
			buildSettings = {
				ASSETCATALOG_COMPILER_APPICON_NAME = AppIcon;
				ASSETCATALOG_COMPILER_GLOBAL_ACCENT_COLOR_NAME = AccentColor;
				CODE_SIGN_ENTITLEMENTS = MartiQR/MartiQR.entitlements;
				CODE_SIGN_STYLE = Automatic;
				CURRENT_PROJECT_VERSION = 1;
				DEVELOPMENT_ASSET_PATHS = "\"MartiQR/Preview Content\"";
				DEVELOPMENT_TEAM = LM2SWXFAWT;
				ENABLE_PREVIEWS = YES;
				GENERATE_INFOPLIST_FILE = YES;
				INFOPLIST_KEY_UIApplicationSceneManifest_Generation = YES;
				INFOPLIST_KEY_UIApplicationSupportsIndirectInputEvents = YES;
				INFOPLIST_KEY_UILaunchScreen_Generation = YES;
				INFOPLIST_KEY_UISupportedInterfaceOrientations_iPad = "UIInterfaceOrientationPortrait UIInterfaceOrientationPortraitUpsideDown UIInterfaceOrientationLandscapeLeft UIInterfaceOrientationLandscapeRight";
				INFOPLIST_KEY_UISupportedInterfaceOrientations_iPhone = "UIInterfaceOrientationPortrait UIInterfaceOrientationLandscapeLeft UIInterfaceOrientationLandscapeRight";
				LD_RUNPATH_SEARCH_PATHS = (
					"$(inherited)",
					"@executable_path/Frameworks",
				);
				MARKETING_VERSION = 1.0;
				PRODUCT_BUNDLE_IDENTIFIER = MMM.MartiQR;
				PRODUCT_NAME = "$(TARGET_NAME)";
				SWIFT_EMIT_LOC_STRINGS = YES;
				SWIFT_VERSION = 5.0;
				TARGETED_DEVICE_FAMILY = "1,2";
			};
			name = Release;
		};
/* End XCBuildConfiguration section */

/* Begin XCConfigurationList section */
		24AC806C2A5FB06A002C277D /* Build configuration list for PBXProject "MartiQR" */ = {
			isa = XCConfigurationList;
			buildConfigurations = (
				24AC807D2A5FB06B002C277D /* Debug */,
				24AC807E2A5FB06B002C277D /* Release */,
			);
			defaultConfigurationIsVisible = 0;
			defaultConfigurationName = Release;
		};
		24AC807F2A5FB06B002C277D /* Build configuration list for PBXNativeTarget "MartiQR" */ = {
			isa = XCConfigurationList;
			buildConfigurations = (
				24AC80802A5FB06B002C277D /* Debug */,
				24AC80812A5FB06B002C277D /* Release */,
			);
			defaultConfigurationIsVisible = 0;
			defaultConfigurationName = Release;
		};
/* End XCConfigurationList section */

/* Begin XCRemoteSwiftPackageReference section */
		24AC808B2A60FA9C002C277D /* XCRemoteSwiftPackageReference "firebase-ios-sdk" */ = {
			isa = XCRemoteSwiftPackageReference;
			repositoryURL = "https://github.com/firebase/firebase-ios-sdk.git";
			requirement = {
				kind = upToNextMajorVersion;
				minimumVersion = 10.0.0;
			};
		};
/* End XCRemoteSwiftPackageReference section */

/* Begin XCSwiftPackageProductDependency section */
		24AC808C2A60FA9C002C277D /* FirebaseAnalytics */ = {
			isa = XCSwiftPackageProductDependency;
			package = 24AC808B2A60FA9C002C277D /* XCRemoteSwiftPackageReference "firebase-ios-sdk" */;
			productName = FirebaseAnalytics;
		};
		24AC808E2A60FA9C002C277D /* FirebaseAuth */ = {
			isa = XCSwiftPackageProductDependency;
			package = 24AC808B2A60FA9C002C277D /* XCRemoteSwiftPackageReference "firebase-ios-sdk" */;
			productName = FirebaseAuth;
		};
		24AC80902A60FA9C002C277D /* FirebaseDatabase */ = {
			isa = XCSwiftPackageProductDependency;
			package = 24AC808B2A60FA9C002C277D /* XCRemoteSwiftPackageReference "firebase-ios-sdk" */;
			productName = FirebaseDatabase;
		};
		24AC80922A60FA9C002C277D /* FirebaseFirestore */ = {
			isa = XCSwiftPackageProductDependency;
			package = 24AC808B2A60FA9C002C277D /* XCRemoteSwiftPackageReference "firebase-ios-sdk" */;
			productName = FirebaseFirestore;
		};
		24AC80942A60FA9C002C277D /* FirebaseFunctions */ = {
			isa = XCSwiftPackageProductDependency;
			package = 24AC808B2A60FA9C002C277D /* XCRemoteSwiftPackageReference "firebase-ios-sdk" */;
			productName = FirebaseFunctions;
		};
		24AC80962A60FA9C002C277D /* FirebaseStorage */ = {
			isa = XCSwiftPackageProductDependency;
			package = 24AC808B2A60FA9C002C277D /* XCRemoteSwiftPackageReference "firebase-ios-sdk" */;
			productName = FirebaseStorage;
		};
/* End XCSwiftPackageProductDependency section */
	};
	rootObject = 24AC80692A5FB06A002C277D /* Project object */;
}
